// !$*UTF8*$!
{
	archiveVersion = 1;
	classes = {
	};
	objectVersion = 56;
	objects = {

/* Begin PBXBuildFile section */
		070B8DAC29D8455200135BEA /* PicturethatApp.swift in Sources */ = {isa = PBXBuildFile; fileRef = 070B8DAB29D8455200135BEA /* PicturethatApp.swift */; };
		070B8DB029D8455300135BEA /* Assets.xcassets in Resources */ = {isa = PBXBuildFile; fileRef = 070B8DAF29D8455300135BEA /* Assets.xcassets */; };
		070B8DB329D8455300135BEA /* Preview Assets.xcassets in Resources */ = {isa = PBXBuildFile; fileRef = 070B8DB229D8455300135BEA /* Preview Assets.xcassets */; };
		070B8DBC29D8471300135BEA /* PocaRanView.swift in Sources */ = {isa = PBXBuildFile; fileRef = 070B8DBB29D8471300135BEA /* PocaRanView.swift */; };
		070B8DBE29D8472A00135BEA /* HomeView.swift in Sources */ = {isa = PBXBuildFile; fileRef = 070B8DBD29D8472A00135BEA /* HomeView.swift */; };
		070B8DC129D8631700135BEA /* Font+.swift in Sources */ = {isa = PBXBuildFile; fileRef = 070B8DC029D8631700135BEA /* Font+.swift */; };
		070B8DD829D86E0400135BEA /* Color+.swift in Sources */ = {isa = PBXBuildFile; fileRef = 070B8DD729D86E0400135BEA /* Color+.swift */; };
		070B8DDE29D87B0100135BEA /* NotoSansKR-Bold.otf in Resources */ = {isa = PBXBuildFile; fileRef = 070B8DCE29D86C3800135BEA /* NotoSansKR-Bold.otf */; };
		070B8DDF29D87B0100135BEA /* NotoSansKR-Light.otf in Resources */ = {isa = PBXBuildFile; fileRef = 070B8DCF29D86C3800135BEA /* NotoSansKR-Light.otf */; };
		070B8DE029D87B0100135BEA /* NotoSansKR-Medium.otf in Resources */ = {isa = PBXBuildFile; fileRef = 070B8DD029D86C3800135BEA /* NotoSansKR-Medium.otf */; };
		070B8DE129D87B0100135BEA /* NotoSansKR-Regular.otf in Resources */ = {isa = PBXBuildFile; fileRef = 070B8DD129D86C3800135BEA /* NotoSansKR-Regular.otf */; };
		078B618629DC47D900BA191C /* Card.swift in Sources */ = {isa = PBXBuildFile; fileRef = 078B618529DC47D900BA191C /* Card.swift */; };
		078B618829DC4B2600BA191C /* ModelData.swift in Sources */ = {isa = PBXBuildFile; fileRef = 078B618729DC4B2600BA191C /* ModelData.swift */; };
		078B618C29DC522D00BA191C /* GoogleService-Info.plist in Resources */ = {isa = PBXBuildFile; fileRef = 078B618B29DC522D00BA191C /* GoogleService-Info.plist */; };
		078B619129DC5AA200BA191C /* Network.swift in Sources */ = {isa = PBXBuildFile; fileRef = 078B619029DC5AA200BA191C /* Network.swift */; };
		078B619429DC669400BA191C /* FirebaseAnalytics in Frameworks */ = {isa = PBXBuildFile; productRef = 078B619329DC669400BA191C /* FirebaseAnalytics */; };
		078B619629DC669400BA191C /* FirebaseDatabase in Frameworks */ = {isa = PBXBuildFile; productRef = 078B619529DC669400BA191C /* FirebaseDatabase */; };
		07B091EB29DAFEFF008C8A85 /* UINavigationController+.swift in Sources */ = {isa = PBXBuildFile; fileRef = 07B091EA29DAFEFF008C8A85 /* UINavigationController+.swift */; };
		07B091ED29DB0650008C8A85 /* PocaRanNavBarView.swift in Sources */ = {isa = PBXBuildFile; fileRef = 07B091EC29DB0650008C8A85 /* PocaRanNavBarView.swift */; };
		07B091F029DB08F0008C8A85 /* PocaRanToolBarContainerView.swift in Sources */ = {isa = PBXBuildFile; fileRef = 07B091EF29DB08F0008C8A85 /* PocaRanToolBarContainerView.swift */; };
		07B091F229DBD8FC008C8A85 /* PocaRanControlBarView.swift in Sources */ = {isa = PBXBuildFile; fileRef = 07B091F129DBD8FC008C8A85 /* PocaRanControlBarView.swift */; };
/* End PBXBuildFile section */

/* Begin PBXFileReference section */
		070B8DA829D8455200135BEA /* Picturethat.app */ = {isa = PBXFileReference; explicitFileType = wrapper.application; includeInIndex = 0; path = Picturethat.app; sourceTree = BUILT_PRODUCTS_DIR; };
		070B8DAB29D8455200135BEA /* PicturethatApp.swift */ = {isa = PBXFileReference; lastKnownFileType = sourcecode.swift; path = PicturethatApp.swift; sourceTree = "<group>"; };
		070B8DAF29D8455300135BEA /* Assets.xcassets */ = {isa = PBXFileReference; lastKnownFileType = folder.assetcatalog; path = Assets.xcassets; sourceTree = "<group>"; };
		070B8DB229D8455300135BEA /* Preview Assets.xcassets */ = {isa = PBXFileReference; lastKnownFileType = folder.assetcatalog; path = "Preview Assets.xcassets"; sourceTree = "<group>"; };
		070B8DBB29D8471300135BEA /* PocaRanView.swift */ = {isa = PBXFileReference; lastKnownFileType = sourcecode.swift; path = PocaRanView.swift; sourceTree = "<group>"; };
		070B8DBD29D8472A00135BEA /* HomeView.swift */ = {isa = PBXFileReference; lastKnownFileType = sourcecode.swift; path = HomeView.swift; sourceTree = "<group>"; };
		070B8DC029D8631700135BEA /* Font+.swift */ = {isa = PBXFileReference; lastKnownFileType = sourcecode.swift; path = "Font+.swift"; sourceTree = "<group>"; };
		070B8DCE29D86C3800135BEA /* NotoSansKR-Bold.otf */ = {isa = PBXFileReference; lastKnownFileType = file; path = "NotoSansKR-Bold.otf"; sourceTree = "<group>"; };
		070B8DCF29D86C3800135BEA /* NotoSansKR-Light.otf */ = {isa = PBXFileReference; lastKnownFileType = file; path = "NotoSansKR-Light.otf"; sourceTree = "<group>"; };
		070B8DD029D86C3800135BEA /* NotoSansKR-Medium.otf */ = {isa = PBXFileReference; lastKnownFileType = file; path = "NotoSansKR-Medium.otf"; sourceTree = "<group>"; };
		070B8DD129D86C3800135BEA /* NotoSansKR-Regular.otf */ = {isa = PBXFileReference; lastKnownFileType = file; path = "NotoSansKR-Regular.otf"; sourceTree = "<group>"; };
		070B8DD729D86E0400135BEA /* Color+.swift */ = {isa = PBXFileReference; lastKnownFileType = sourcecode.swift; path = "Color+.swift"; sourceTree = "<group>"; };
		070B8DDB29D87A9D00135BEA /* Info.plist */ = {isa = PBXFileReference; fileEncoding = 4; lastKnownFileType = text.plist.xml; path = Info.plist; sourceTree = "<group>"; };
		078B618529DC47D900BA191C /* Card.swift */ = {isa = PBXFileReference; lastKnownFileType = sourcecode.swift; path = Card.swift; sourceTree = "<group>"; };
		078B618729DC4B2600BA191C /* ModelData.swift */ = {isa = PBXFileReference; lastKnownFileType = sourcecode.swift; path = ModelData.swift; sourceTree = "<group>"; };
		078B618B29DC522D00BA191C /* GoogleService-Info.plist */ = {isa = PBXFileReference; fileEncoding = 4; lastKnownFileType = text.plist.xml; path = "GoogleService-Info.plist"; sourceTree = "<group>"; };
		078B619029DC5AA200BA191C /* Network.swift */ = {isa = PBXFileReference; lastKnownFileType = sourcecode.swift; path = Network.swift; sourceTree = "<group>"; };
		07B091EA29DAFEFF008C8A85 /* UINavigationController+.swift */ = {isa = PBXFileReference; lastKnownFileType = sourcecode.swift; path = "UINavigationController+.swift"; sourceTree = "<group>"; };
		07B091EC29DB0650008C8A85 /* PocaRanNavBarView.swift */ = {isa = PBXFileReference; lastKnownFileType = sourcecode.swift; path = PocaRanNavBarView.swift; sourceTree = "<group>"; };
		07B091EF29DB08F0008C8A85 /* PocaRanToolBarContainerView.swift */ = {isa = PBXFileReference; lastKnownFileType = sourcecode.swift; path = PocaRanToolBarContainerView.swift; sourceTree = "<group>"; };
		07B091F129DBD8FC008C8A85 /* PocaRanControlBarView.swift */ = {isa = PBXFileReference; lastKnownFileType = sourcecode.swift; path = PocaRanControlBarView.swift; sourceTree = "<group>"; };
/* End PBXFileReference section */

/* Begin PBXFrameworksBuildPhase section */
		070B8DA529D8455200135BEA /* Frameworks */ = {
			isa = PBXFrameworksBuildPhase;
			buildActionMask = 2147483647;
			files = (
				078B619629DC669400BA191C /* FirebaseDatabase in Frameworks */,
				078B619429DC669400BA191C /* FirebaseAnalytics in Frameworks */,
			);
			runOnlyForDeploymentPostprocessing = 0;
		};
/* End PBXFrameworksBuildPhase section */

/* Begin PBXGroup section */
		070B8D9F29D8455200135BEA = {
			isa = PBXGroup;
			children = (
				070B8DAA29D8455200135BEA /* Picturethat */,
				070B8DA929D8455200135BEA /* Products */,
			);
			sourceTree = "<group>";
		};
		070B8DA929D8455200135BEA /* Products */ = {
			isa = PBXGroup;
			children = (
				070B8DA829D8455200135BEA /* Picturethat.app */,
			);
			name = Products;
			sourceTree = "<group>";
		};
		070B8DAA29D8455200135BEA /* Picturethat */ = {
			isa = PBXGroup;
			children = (
				070B8DDB29D87A9D00135BEA /* Info.plist */,
				070B8DC929D86A0900135BEA /* Fonts */,
				070B8DAB29D8455200135BEA /* PicturethatApp.swift */,
				078B618429DC47CB00BA191C /* Model */,
				070B8DD629D86C4800135BEA /* Extensions */,
				070B8DBA29D846FC00135BEA /* PocaRanView */,
				070B8DB929D846A900135BEA /* HomeView */,
				070B8DAF29D8455300135BEA /* Assets.xcassets */,
				078B618B29DC522D00BA191C /* GoogleService-Info.plist */,
				070B8DB129D8455300135BEA /* Preview Content */,
			);
			path = Picturethat;
			sourceTree = "<group>";
		};
		070B8DB129D8455300135BEA /* Preview Content */ = {
			isa = PBXGroup;
			children = (
				070B8DB229D8455300135BEA /* Preview Assets.xcassets */,
			);
			path = "Preview Content";
			sourceTree = "<group>";
		};
		070B8DB929D846A900135BEA /* HomeView */ = {
			isa = PBXGroup;
			children = (
				070B8DBD29D8472A00135BEA /* HomeView.swift */,
			);
			path = HomeView;
			sourceTree = "<group>";
		};
		070B8DBA29D846FC00135BEA /* PocaRanView */ = {
			isa = PBXGroup;
			children = (
				070B8DBB29D8471300135BEA /* PocaRanView.swift */,
				07B091EE29DB0654008C8A85 /* Helper */,
			);
			path = PocaRanView;
			sourceTree = "<group>";
		};
		070B8DC929D86A0900135BEA /* Fonts */ = {
			isa = PBXGroup;
			children = (
				070B8DCE29D86C3800135BEA /* NotoSansKR-Bold.otf */,
				070B8DCF29D86C3800135BEA /* NotoSansKR-Light.otf */,
				070B8DD029D86C3800135BEA /* NotoSansKR-Medium.otf */,
				070B8DD129D86C3800135BEA /* NotoSansKR-Regular.otf */,
			);
			path = Fonts;
			sourceTree = "<group>";
		};
		070B8DD629D86C4800135BEA /* Extensions */ = {
			isa = PBXGroup;
			children = (
				070B8DC029D8631700135BEA /* Font+.swift */,
				070B8DD729D86E0400135BEA /* Color+.swift */,
				07B091EA29DAFEFF008C8A85 /* UINavigationController+.swift */,
			);
			path = Extensions;
			sourceTree = "<group>";
		};
		078B618429DC47CB00BA191C /* Model */ = {
			isa = PBXGroup;
			children = (
				078B618529DC47D900BA191C /* Card.swift */,
				078B619029DC5AA200BA191C /* Network.swift */,
				078B618729DC4B2600BA191C /* ModelData.swift */,
			);
			path = Model;
			sourceTree = "<group>";
		};
		07B091EE29DB0654008C8A85 /* Helper */ = {
			isa = PBXGroup;
			children = (
				07B091EC29DB0650008C8A85 /* PocaRanNavBarView.swift */,
				07B091F129DBD8FC008C8A85 /* PocaRanControlBarView.swift */,
				07B091EF29DB08F0008C8A85 /* PocaRanToolBarContainerView.swift */,
			);
			path = Helper;
			sourceTree = "<group>";
		};
/* End PBXGroup section */

/* Begin PBXNativeTarget section */
		070B8DA729D8455200135BEA /* Picturethat */ = {
			isa = PBXNativeTarget;
			buildConfigurationList = 070B8DB629D8455300135BEA /* Build configuration list for PBXNativeTarget "Picturethat" */;
			buildPhases = (
				070B8DA429D8455200135BEA /* Sources */,
				070B8DA529D8455200135BEA /* Frameworks */,
				070B8DA629D8455200135BEA /* Resources */,
			);
			buildRules = (
			);
			dependencies = (
			);
			name = Picturethat;
			packageProductDependencies = (
				078B619329DC669400BA191C /* FirebaseAnalytics */,
				078B619529DC669400BA191C /* FirebaseDatabase */,
			);
			productName = Picturethat;
			productReference = 070B8DA829D8455200135BEA /* Picturethat.app */;
			productType = "com.apple.product-type.application";
		};
/* End PBXNativeTarget section */

/* Begin PBXProject section */
		070B8DA029D8455200135BEA /* Project object */ = {
			isa = PBXProject;
			attributes = {
				BuildIndependentTargetsInParallel = 1;
				LastSwiftUpdateCheck = 1420;
				LastUpgradeCheck = 1420;
				TargetAttributes = {
					070B8DA729D8455200135BEA = {
						CreatedOnToolsVersion = 14.2;
					};
				};
			};
			buildConfigurationList = 070B8DA329D8455200135BEA /* Build configuration list for PBXProject "Picturethat" */;
			compatibilityVersion = "Xcode 14.0";
			developmentRegion = en;
			hasScannedForEncodings = 0;
			knownRegions = (
				en,
				Base,
			);
			mainGroup = 070B8D9F29D8455200135BEA;
			packageReferences = (
				078B619229DC669400BA191C /* XCRemoteSwiftPackageReference "firebase-ios-sdk" */,
			);
			productRefGroup = 070B8DA929D8455200135BEA /* Products */;
			projectDirPath = "";
			projectRoot = "";
			targets = (
				070B8DA729D8455200135BEA /* Picturethat */,
			);
		};
/* End PBXProject section */

/* Begin PBXResourcesBuildPhase section */
		070B8DA629D8455200135BEA /* Resources */ = {
			isa = PBXResourcesBuildPhase;
			buildActionMask = 2147483647;
			files = (
				070B8DDE29D87B0100135BEA /* NotoSansKR-Bold.otf in Resources */,
				070B8DDF29D87B0100135BEA /* NotoSansKR-Light.otf in Resources */,
				070B8DE029D87B0100135BEA /* NotoSansKR-Medium.otf in Resources */,
				070B8DE129D87B0100135BEA /* NotoSansKR-Regular.otf in Resources */,
				070B8DB329D8455300135BEA /* Preview Assets.xcassets in Resources */,
				070B8DB029D8455300135BEA /* Assets.xcassets in Resources */,
				078B618C29DC522D00BA191C /* GoogleService-Info.plist in Resources */,
			);
			runOnlyForDeploymentPostprocessing = 0;
		};
/* End PBXResourcesBuildPhase section */

/* Begin PBXSourcesBuildPhase section */
		070B8DA429D8455200135BEA /* Sources */ = {
			isa = PBXSourcesBuildPhase;
			buildActionMask = 2147483647;
			files = (
				07B091ED29DB0650008C8A85 /* PocaRanNavBarView.swift in Sources */,
				070B8DC129D8631700135BEA /* Font+.swift in Sources */,
				078B619129DC5AA200BA191C /* Network.swift in Sources */,
				070B8DD829D86E0400135BEA /* Color+.swift in Sources */,
				070B8DBE29D8472A00135BEA /* HomeView.swift in Sources */,
				070B8DAC29D8455200135BEA /* PicturethatApp.swift in Sources */,
				070B8DBC29D8471300135BEA /* PocaRanView.swift in Sources */,
				07B091F029DB08F0008C8A85 /* PocaRanToolBarContainerView.swift in Sources */,
				078B618829DC4B2600BA191C /* ModelData.swift in Sources */,
				078B618629DC47D900BA191C /* Card.swift in Sources */,
				07B091F229DBD8FC008C8A85 /* PocaRanControlBarView.swift in Sources */,
				07B091EB29DAFEFF008C8A85 /* UINavigationController+.swift in Sources */,
			);
			runOnlyForDeploymentPostprocessing = 0;
		};
/* End PBXSourcesBuildPhase section */

/* Begin XCBuildConfiguration section */
		070B8DB429D8455300135BEA /* Debug */ = {
			isa = XCBuildConfiguration;
			buildSettings = {
				ALWAYS_SEARCH_USER_PATHS = NO;
				CLANG_ANALYZER_NONNULL = YES;
				CLANG_ANALYZER_NUMBER_OBJECT_CONVERSION = YES_AGGRESSIVE;
				CLANG_CXX_LANGUAGE_STANDARD = "gnu++20";
				CLANG_ENABLE_MODULES = YES;
				CLANG_ENABLE_OBJC_ARC = YES;
				CLANG_ENABLE_OBJC_WEAK = YES;
				CLANG_WARN_BLOCK_CAPTURE_AUTORELEASING = YES;
				CLANG_WARN_BOOL_CONVERSION = YES;
				CLANG_WARN_COMMA = YES;
				CLANG_WARN_CONSTANT_CONVERSION = YES;
				CLANG_WARN_DEPRECATED_OBJC_IMPLEMENTATIONS = YES;
				CLANG_WARN_DIRECT_OBJC_ISA_USAGE = YES_ERROR;
				CLANG_WARN_DOCUMENTATION_COMMENTS = YES;
				CLANG_WARN_EMPTY_BODY = YES;
				CLANG_WARN_ENUM_CONVERSION = YES;
				CLANG_WARN_INFINITE_RECURSION = YES;
				CLANG_WARN_INT_CONVERSION = YES;
				CLANG_WARN_NON_LITERAL_NULL_CONVERSION = YES;
				CLANG_WARN_OBJC_IMPLICIT_RETAIN_SELF = YES;
				CLANG_WARN_OBJC_LITERAL_CONVERSION = YES;
				CLANG_WARN_OBJC_ROOT_CLASS = YES_ERROR;
				CLANG_WARN_QUOTED_INCLUDE_IN_FRAMEWORK_HEADER = YES;
				CLANG_WARN_RANGE_LOOP_ANALYSIS = YES;
				CLANG_WARN_STRICT_PROTOTYPES = YES;
				CLANG_WARN_SUSPICIOUS_MOVE = YES;
				CLANG_WARN_UNGUARDED_AVAILABILITY = YES_AGGRESSIVE;
				CLANG_WARN_UNREACHABLE_CODE = YES;
				CLANG_WARN__DUPLICATE_METHOD_MATCH = YES;
				COPY_PHASE_STRIP = NO;
				DEBUG_INFORMATION_FORMAT = dwarf;
				ENABLE_STRICT_OBJC_MSGSEND = YES;
				ENABLE_TESTABILITY = YES;
				GCC_C_LANGUAGE_STANDARD = gnu11;
				GCC_DYNAMIC_NO_PIC = NO;
				GCC_NO_COMMON_BLOCKS = YES;
				GCC_OPTIMIZATION_LEVEL = 0;
				GCC_PREPROCESSOR_DEFINITIONS = (
					"DEBUG=1",
					"$(inherited)",
				);
				GCC_WARN_64_TO_32_BIT_CONVERSION = YES;
				GCC_WARN_ABOUT_RETURN_TYPE = YES_ERROR;
				GCC_WARN_UNDECLARED_SELECTOR = YES;
				GCC_WARN_UNINITIALIZED_AUTOS = YES_AGGRESSIVE;
				GCC_WARN_UNUSED_FUNCTION = YES;
				GCC_WARN_UNUSED_VARIABLE = YES;
				IPHONEOS_DEPLOYMENT_TARGET = 16.2;
				MTL_ENABLE_DEBUG_INFO = INCLUDE_SOURCE;
				MTL_FAST_MATH = YES;
				ONLY_ACTIVE_ARCH = YES;
				SDKROOT = iphoneos;
				SWIFT_ACTIVE_COMPILATION_CONDITIONS = DEBUG;
				SWIFT_OPTIMIZATION_LEVEL = "-Onone";
			};
			name = Debug;
		};
		070B8DB529D8455300135BEA /* Release */ = {
			isa = XCBuildConfiguration;
			buildSettings = {
				ALWAYS_SEARCH_USER_PATHS = NO;
				CLANG_ANALYZER_NONNULL = YES;
				CLANG_ANALYZER_NUMBER_OBJECT_CONVERSION = YES_AGGRESSIVE;
				CLANG_CXX_LANGUAGE_STANDARD = "gnu++20";
				CLANG_ENABLE_MODULES = YES;
				CLANG_ENABLE_OBJC_ARC = YES;
				CLANG_ENABLE_OBJC_WEAK = YES;
				CLANG_WARN_BLOCK_CAPTURE_AUTORELEASING = YES;
				CLANG_WARN_BOOL_CONVERSION = YES;
				CLANG_WARN_COMMA = YES;
				CLANG_WARN_CONSTANT_CONVERSION = YES;
				CLANG_WARN_DEPRECATED_OBJC_IMPLEMENTATIONS = YES;
				CLANG_WARN_DIRECT_OBJC_ISA_USAGE = YES_ERROR;
				CLANG_WARN_DOCUMENTATION_COMMENTS = YES;
				CLANG_WARN_EMPTY_BODY = YES;
				CLANG_WARN_ENUM_CONVERSION = YES;
				CLANG_WARN_INFINITE_RECURSION = YES;
				CLANG_WARN_INT_CONVERSION = YES;
				CLANG_WARN_NON_LITERAL_NULL_CONVERSION = YES;
				CLANG_WARN_OBJC_IMPLICIT_RETAIN_SELF = YES;
				CLANG_WARN_OBJC_LITERAL_CONVERSION = YES;
				CLANG_WARN_OBJC_ROOT_CLASS = YES_ERROR;
				CLANG_WARN_QUOTED_INCLUDE_IN_FRAMEWORK_HEADER = YES;
				CLANG_WARN_RANGE_LOOP_ANALYSIS = YES;
				CLANG_WARN_STRICT_PROTOTYPES = YES;
				CLANG_WARN_SUSPICIOUS_MOVE = YES;
				CLANG_WARN_UNGUARDED_AVAILABILITY = YES_AGGRESSIVE;
				CLANG_WARN_UNREACHABLE_CODE = YES;
				CLANG_WARN__DUPLICATE_METHOD_MATCH = YES;
				COPY_PHASE_STRIP = NO;
				DEBUG_INFORMATION_FORMAT = "dwarf-with-dsym";
				ENABLE_NS_ASSERTIONS = NO;
				ENABLE_STRICT_OBJC_MSGSEND = YES;
				GCC_C_LANGUAGE_STANDARD = gnu11;
				GCC_NO_COMMON_BLOCKS = YES;
				GCC_WARN_64_TO_32_BIT_CONVERSION = YES;
				GCC_WARN_ABOUT_RETURN_TYPE = YES_ERROR;
				GCC_WARN_UNDECLARED_SELECTOR = YES;
				GCC_WARN_UNINITIALIZED_AUTOS = YES_AGGRESSIVE;
				GCC_WARN_UNUSED_FUNCTION = YES;
				GCC_WARN_UNUSED_VARIABLE = YES;
				IPHONEOS_DEPLOYMENT_TARGET = 16.2;
				MTL_ENABLE_DEBUG_INFO = NO;
				MTL_FAST_MATH = YES;
				SDKROOT = iphoneos;
				SWIFT_COMPILATION_MODE = wholemodule;
				SWIFT_OPTIMIZATION_LEVEL = "-O";
				VALIDATE_PRODUCT = YES;
			};
			name = Release;
		};
		070B8DB729D8455300135BEA /* Debug */ = {
			isa = XCBuildConfiguration;
			buildSettings = {
				ASSETCATALOG_COMPILER_APPICON_NAME = AppIcon;
				ASSETCATALOG_COMPILER_GLOBAL_ACCENT_COLOR_NAME = AccentColor;
				CODE_SIGN_STYLE = Automatic;
				CURRENT_PROJECT_VERSION = 1;
				DEVELOPMENT_ASSET_PATHS = "\"Picturethat/Preview Content\"";
				DEVELOPMENT_TEAM = PX9ZAGMV5G;
				ENABLE_PREVIEWS = YES;
				GENERATE_INFOPLIST_FILE = YES;
				INFOPLIST_FILE = Picturethat/Info.plist;
				INFOPLIST_KEY_UIApplicationSceneManifest_Generation = YES;
				INFOPLIST_KEY_UIApplicationSupportsIndirectInputEvents = YES;
				INFOPLIST_KEY_UILaunchScreen_Generation = YES;
				INFOPLIST_KEY_UISupportedInterfaceOrientations_iPad = "UIInterfaceOrientationPortrait UIInterfaceOrientationPortraitUpsideDown UIInterfaceOrientationLandscapeLeft UIInterfaceOrientationLandscapeRight";
				INFOPLIST_KEY_UISupportedInterfaceOrientations_iPhone = "UIInterfaceOrientationPortrait UIInterfaceOrientationLandscapeLeft UIInterfaceOrientationLandscapeRight";
				LD_RUNPATH_SEARCH_PATHS = (
					"$(inherited)",
					"@executable_path/Frameworks",
				);
				MARKETING_VERSION = 1.0;
				PRODUCT_BUNDLE_IDENTIFIER = com.minsop.Picturethat;
				PRODUCT_NAME = "$(TARGET_NAME)";
				SWIFT_EMIT_LOC_STRINGS = YES;
				SWIFT_VERSION = 5.0;
				TARGETED_DEVICE_FAMILY = "1,2";
			};
			name = Debug;
		};
		070B8DB829D8455300135BEA /* Release */ = {
			isa = XCBuildConfiguration;
			buildSettings = {
				ASSETCATALOG_COMPILER_APPICON_NAME = AppIcon;
				ASSETCATALOG_COMPILER_GLOBAL_ACCENT_COLOR_NAME = AccentColor;
				CODE_SIGN_STYLE = Automatic;
				CURRENT_PROJECT_VERSION = 1;
				DEVELOPMENT_ASSET_PATHS = "\"Picturethat/Preview Content\"";
				DEVELOPMENT_TEAM = PX9ZAGMV5G;
				ENABLE_PREVIEWS = YES;
				GENERATE_INFOPLIST_FILE = YES;
				INFOPLIST_FILE = Picturethat/Info.plist;
				INFOPLIST_KEY_UIApplicationSceneManifest_Generation = YES;
				INFOPLIST_KEY_UIApplicationSupportsIndirectInputEvents = YES;
				INFOPLIST_KEY_UILaunchScreen_Generation = YES;
				INFOPLIST_KEY_UISupportedInterfaceOrientations_iPad = "UIInterfaceOrientationPortrait UIInterfaceOrientationPortraitUpsideDown UIInterfaceOrientationLandscapeLeft UIInterfaceOrientationLandscapeRight";
				INFOPLIST_KEY_UISupportedInterfaceOrientations_iPhone = "UIInterfaceOrientationPortrait UIInterfaceOrientationLandscapeLeft UIInterfaceOrientationLandscapeRight";
				LD_RUNPATH_SEARCH_PATHS = (
					"$(inherited)",
					"@executable_path/Frameworks",
				);
				MARKETING_VERSION = 1.0;
				PRODUCT_BUNDLE_IDENTIFIER = com.minsop.Picturethat;
				PRODUCT_NAME = "$(TARGET_NAME)";
				SWIFT_EMIT_LOC_STRINGS = YES;
				SWIFT_VERSION = 5.0;
				TARGETED_DEVICE_FAMILY = "1,2";
			};
			name = Release;
		};
/* End XCBuildConfiguration section */

/* Begin XCConfigurationList section */
		070B8DA329D8455200135BEA /* Build configuration list for PBXProject "Picturethat" */ = {
			isa = XCConfigurationList;
			buildConfigurations = (
				070B8DB429D8455300135BEA /* Debug */,
				070B8DB529D8455300135BEA /* Release */,
			);
			defaultConfigurationIsVisible = 0;
			defaultConfigurationName = Release;
		};
		070B8DB629D8455300135BEA /* Build configuration list for PBXNativeTarget "Picturethat" */ = {
			isa = XCConfigurationList;
			buildConfigurations = (
				070B8DB729D8455300135BEA /* Debug */,
				070B8DB829D8455300135BEA /* Release */,
			);
			defaultConfigurationIsVisible = 0;
			defaultConfigurationName = Release;
		};
/* End XCConfigurationList section */

/* Begin XCRemoteSwiftPackageReference section */
		078B619229DC669400BA191C /* XCRemoteSwiftPackageReference "firebase-ios-sdk" */ = {
			isa = XCRemoteSwiftPackageReference;
			repositoryURL = "https://github.com/firebase/firebase-ios-sdk";
			requirement = {
				kind = upToNextMajorVersion;
				minimumVersion = 10.0.0;
			};
		};
/* End XCRemoteSwiftPackageReference section */

/* Begin XCSwiftPackageProductDependency section */
		078B619329DC669400BA191C /* FirebaseAnalytics */ = {
			isa = XCSwiftPackageProductDependency;
			package = 078B619229DC669400BA191C /* XCRemoteSwiftPackageReference "firebase-ios-sdk" */;
			productName = FirebaseAnalytics;
		};
		078B619529DC669400BA191C /* FirebaseDatabase */ = {
			isa = XCSwiftPackageProductDependency;
			package = 078B619229DC669400BA191C /* XCRemoteSwiftPackageReference "firebase-ios-sdk" */;
			productName = FirebaseDatabase;
		};
/* End XCSwiftPackageProductDependency section */
	};
	rootObject = 070B8DA029D8455200135BEA /* Project object */;
}
