// !$*UTF8*$!
{
	archiveVersion = 1;
	classes = {
	};
	objectVersion = 56;
	objects = {

/* Begin PBXBuildFile section */
		070B8DAC29D8455200135BEA /* PicturethatApp.swift in Sources */ = {isa = PBXBuildFile; fileRef = 070B8DAB29D8455200135BEA /* PicturethatApp.swift */; };
		070B8DB029D8455300135BEA /* Assets.xcassets in Resources */ = {isa = PBXBuildFile; fileRef = 070B8DAF29D8455300135BEA /* Assets.xcassets */; };
		070B8DB329D8455300135BEA /* Preview Assets.xcassets in Resources */ = {isa = PBXBuildFile; fileRef = 070B8DB229D8455300135BEA /* Preview Assets.xcassets */; };
		070B8DC129D8631700135BEA /* Font+.swift in Sources */ = {isa = PBXBuildFile; fileRef = 070B8DC029D8631700135BEA /* Font+.swift */; };
		070B8DD829D86E0400135BEA /* Color+.swift in Sources */ = {isa = PBXBuildFile; fileRef = 070B8DD729D86E0400135BEA /* Color+.swift */; };
		072BCE172A1C4958004B3799 /* DeckViewModel.swift in Sources */ = {isa = PBXBuildFile; fileRef = 072BCE162A1C4958004B3799 /* DeckViewModel.swift */; };
		072BCE1A2A1C4977004B3799 /* FirebaseFirestore in Frameworks */ = {isa = PBXBuildFile; productRef = 072BCE192A1C4977004B3799 /* FirebaseFirestore */; };
		072BCE1D2A1DAFEB004B3799 /* HomeDeckView.swift in Sources */ = {isa = PBXBuildFile; fileRef = 072BCE1C2A1DAFEB004B3799 /* HomeDeckView.swift */; };
		07459D382A1E480000106AC8 /* CardListView.swift in Sources */ = {isa = PBXBuildFile; fileRef = 07459D372A1E480000106AC8 /* CardListView.swift */; };
		07459D3D2A1E48E900106AC8 /* Card.swift in Sources */ = {isa = PBXBuildFile; fileRef = 07459D3C2A1E48E900106AC8 /* Card.swift */; };
		07459D402A1E492700106AC8 /* CardView.swift in Sources */ = {isa = PBXBuildFile; fileRef = 07459D3F2A1E492700106AC8 /* CardView.swift */; };
		0747F1232A00225B00DFEE4F /* HomeView.swift in Sources */ = {isa = PBXBuildFile; fileRef = 0747F1222A00225B00DFEE4F /* HomeView.swift */; };
		0747F1262A00227C00DFEE4F /* DeckSelectionView.swift in Sources */ = {isa = PBXBuildFile; fileRef = 0747F1252A00227C00DFEE4F /* DeckSelectionView.swift */; };
		074C68262A065B9F0039845E /* NavBarView.swift in Sources */ = {isa = PBXBuildFile; fileRef = 074C68252A065B9F0039845E /* NavBarView.swift */; };
		074EBE002A23970D0031C18C /* ImageLoader.swift in Sources */ = {isa = PBXBuildFile; fileRef = 074EBDFF2A23970D0031C18C /* ImageLoader.swift */; };
		074EBE042A258DF80031C18C /* SparkleView.swift in Sources */ = {isa = PBXBuildFile; fileRef = 074EBE032A258DF80031C18C /* SparkleView.swift */; };
		078831A42A1F43240089B4A1 /* CardsViewModel.swift in Sources */ = {isa = PBXBuildFile; fileRef = 078831A32A1F43240089B4A1 /* CardsViewModel.swift */; };
		078831A82A1F7FD80089B4A1 /* CardSelectionView.swift in Sources */ = {isa = PBXBuildFile; fileRef = 078831A72A1F7FD80089B4A1 /* CardSelectionView.swift */; };
		078B618C29DC522D00BA191C /* GoogleService-Info.plist in Resources */ = {isa = PBXBuildFile; fileRef = 078B618B29DC522D00BA191C /* GoogleService-Info.plist */; };
		078B619429DC669400BA191C /* FirebaseAnalytics in Frameworks */ = {isa = PBXBuildFile; productRef = 078B619329DC669400BA191C /* FirebaseAnalytics */; };
		07A316412A04D00C00168768 /* DeckView.swift in Sources */ = {isa = PBXBuildFile; fileRef = 07A316402A04D00C00168768 /* DeckView.swift */; };
		07A316432A04DD6200168768 /* DeckListView.swift in Sources */ = {isa = PBXBuildFile; fileRef = 07A316422A04DD6200168768 /* DeckListView.swift */; };
		07A316462A04E88A00168768 /* Deck.swift in Sources */ = {isa = PBXBuildFile; fileRef = 07A316452A04E88A00168768 /* Deck.swift */; };
/* End PBXBuildFile section */

/* Begin PBXFileReference section */
		070B8DA829D8455200135BEA /* Picturethat.app */ = {isa = PBXFileReference; explicitFileType = wrapper.application; includeInIndex = 0; path = Picturethat.app; sourceTree = BUILT_PRODUCTS_DIR; };
		070B8DAB29D8455200135BEA /* PicturethatApp.swift */ = {isa = PBXFileReference; lastKnownFileType = sourcecode.swift; path = PicturethatApp.swift; sourceTree = "<group>"; };
		070B8DAF29D8455300135BEA /* Assets.xcassets */ = {isa = PBXFileReference; lastKnownFileType = folder.assetcatalog; path = Assets.xcassets; sourceTree = "<group>"; };
		070B8DB229D8455300135BEA /* Preview Assets.xcassets */ = {isa = PBXFileReference; lastKnownFileType = folder.assetcatalog; path = "Preview Assets.xcassets"; sourceTree = "<group>"; };
		070B8DC029D8631700135BEA /* Font+.swift */ = {isa = PBXFileReference; lastKnownFileType = sourcecode.swift; path = "Font+.swift"; sourceTree = "<group>"; };
		070B8DD729D86E0400135BEA /* Color+.swift */ = {isa = PBXFileReference; lastKnownFileType = sourcecode.swift; path = "Color+.swift"; sourceTree = "<group>"; };
		070B8DDB29D87A9D00135BEA /* Info.plist */ = {isa = PBXFileReference; fileEncoding = 4; lastKnownFileType = text.plist.xml; path = Info.plist; sourceTree = "<group>"; };
		072BCE162A1C4958004B3799 /* DeckViewModel.swift */ = {isa = PBXFileReference; lastKnownFileType = sourcecode.swift; path = DeckViewModel.swift; sourceTree = "<group>"; };
		072BCE1C2A1DAFEB004B3799 /* HomeDeckView.swift */ = {isa = PBXFileReference; lastKnownFileType = sourcecode.swift; path = HomeDeckView.swift; sourceTree = "<group>"; };
		07459D372A1E480000106AC8 /* CardListView.swift */ = {isa = PBXFileReference; lastKnownFileType = sourcecode.swift; name = CardListView.swift; path = PictureThat/Views/CardSelectionView/Helper/CardListView.swift; sourceTree = SOURCE_ROOT; };
		07459D3C2A1E48E900106AC8 /* Card.swift */ = {isa = PBXFileReference; lastKnownFileType = sourcecode.swift; path = Card.swift; sourceTree = "<group>"; };
		07459D3F2A1E492700106AC8 /* CardView.swift */ = {isa = PBXFileReference; lastKnownFileType = sourcecode.swift; path = CardView.swift; sourceTree = "<group>"; };
		0747F1222A00225B00DFEE4F /* HomeView.swift */ = {isa = PBXFileReference; lastKnownFileType = sourcecode.swift; name = HomeView.swift; path = PictureThat/Views/HomeView/HomeView.swift; sourceTree = SOURCE_ROOT; };
		0747F1252A00227C00DFEE4F /* DeckSelectionView.swift */ = {isa = PBXFileReference; lastKnownFileType = sourcecode.swift; name = DeckSelectionView.swift; path = PictureThat/Views/DeckSelectionView/DeckSelectionView.swift; sourceTree = SOURCE_ROOT; };
		074C68252A065B9F0039845E /* NavBarView.swift */ = {isa = PBXFileReference; lastKnownFileType = sourcecode.swift; path = NavBarView.swift; sourceTree = "<group>"; };
		074EBDFF2A23970D0031C18C /* ImageLoader.swift */ = {isa = PBXFileReference; lastKnownFileType = sourcecode.swift; path = ImageLoader.swift; sourceTree = "<group>"; };
		074EBE032A258DF80031C18C /* SparkleView.swift */ = {isa = PBXFileReference; lastKnownFileType = sourcecode.swift; path = SparkleView.swift; sourceTree = "<group>"; };
		078831A32A1F43240089B4A1 /* CardsViewModel.swift */ = {isa = PBXFileReference; lastKnownFileType = sourcecode.swift; path = CardsViewModel.swift; sourceTree = "<group>"; };
		078831A72A1F7FD80089B4A1 /* CardSelectionView.swift */ = {isa = PBXFileReference; lastKnownFileType = sourcecode.swift; path = CardSelectionView.swift; sourceTree = "<group>"; };
		078B618B29DC522D00BA191C /* GoogleService-Info.plist */ = {isa = PBXFileReference; fileEncoding = 4; lastKnownFileType = text.plist.xml; path = "GoogleService-Info.plist"; sourceTree = "<group>"; };
		07A316402A04D00C00168768 /* DeckView.swift */ = {isa = PBXFileReference; lastKnownFileType = sourcecode.swift; path = DeckView.swift; sourceTree = "<group>"; };
		07A316422A04DD6200168768 /* DeckListView.swift */ = {isa = PBXFileReference; lastKnownFileType = sourcecode.swift; path = DeckListView.swift; sourceTree = "<group>"; };
		07A316452A04E88A00168768 /* Deck.swift */ = {isa = PBXFileReference; lastKnownFileType = sourcecode.swift; path = Deck.swift; sourceTree = "<group>"; };
/* End PBXFileReference section */

/* Begin PBXFrameworksBuildPhase section */
		070B8DA529D8455200135BEA /* Frameworks */ = {
			isa = PBXFrameworksBuildPhase;
			buildActionMask = 2147483647;
			files = (
				078B619429DC669400BA191C /* FirebaseAnalytics in Frameworks */,
				072BCE1A2A1C4977004B3799 /* FirebaseFirestore in Frameworks */,
			);
			runOnlyForDeploymentPostprocessing = 0;
		};
/* End PBXFrameworksBuildPhase section */

/* Begin PBXGroup section */
		070B8D9F29D8455200135BEA = {
			isa = PBXGroup;
			children = (
				070B8DAB29D8455200135BEA /* PicturethatApp.swift */,
				070B8DAA29D8455200135BEA /* PictureThat */,
				070B8DA929D8455200135BEA /* Products */,
				072BCE182A1C4977004B3799 /* Frameworks */,
			);
			sourceTree = "<group>";
		};
		070B8DA929D8455200135BEA /* Products */ = {
			isa = PBXGroup;
			children = (
				070B8DA829D8455200135BEA /* Picturethat.app */,
			);
			name = Products;
			sourceTree = "<group>";
		};
		070B8DAA29D8455200135BEA /* PictureThat */ = {
			isa = PBXGroup;
			children = (
				0747F1182A001E9500DFEE4F /* Resources */,
				070B8DD629D86C4800135BEA /* Extensions */,
				0747F1212A00213A00DFEE4F /* Views */,
				072BCE142A1C4937004B3799 /* ViewModels */,
				070B8DB129D8455300135BEA /* Preview Content */,
			);
			path = PictureThat;
			sourceTree = "<group>";
		};
		070B8DB129D8455300135BEA /* Preview Content */ = {
			isa = PBXGroup;
			children = (
				070B8DB229D8455300135BEA /* Preview Assets.xcassets */,
			);
			path = "Preview Content";
			sourceTree = "<group>";
		};
		070B8DD629D86C4800135BEA /* Extensions */ = {
			isa = PBXGroup;
			children = (
				070B8DC029D8631700135BEA /* Font+.swift */,
				070B8DD729D86E0400135BEA /* Color+.swift */,
				074EBDFF2A23970D0031C18C /* ImageLoader.swift */,
			);
			path = Extensions;
			sourceTree = "<group>";
		};
		072BCE142A1C4937004B3799 /* ViewModels */ = {
			isa = PBXGroup;
			children = (
				072BCE162A1C4958004B3799 /* DeckViewModel.swift */,
				078831A32A1F43240089B4A1 /* CardsViewModel.swift */,
			);
			path = ViewModels;
			sourceTree = "<group>";
		};
		072BCE182A1C4977004B3799 /* Frameworks */ = {
			isa = PBXGroup;
			children = (
			);
			name = Frameworks;
			sourceTree = "<group>";
		};
		072BCE1B2A1DAFD0004B3799 /* Helpter */ = {
			isa = PBXGroup;
			children = (
				072BCE1C2A1DAFEB004B3799 /* HomeDeckView.swift */,
			);
			path = Helpter;
			sourceTree = "<group>";
		};
		07459D392A1E486600106AC8 /* Model */ = {
			isa = PBXGroup;
			children = (
				07459D3C2A1E48E900106AC8 /* Card.swift */,
			);
			path = Model;
			sourceTree = "<group>";
		};
		07459D3E2A1E491D00106AC8 /* Helper */ = {
			isa = PBXGroup;
			children = (
				07459D372A1E480000106AC8 /* CardListView.swift */,
				07459D3F2A1E492700106AC8 /* CardView.swift */,
				074EBE032A258DF80031C18C /* SparkleView.swift */,
			);
			path = Helper;
			sourceTree = "<group>";
		};
		0747F1182A001E9500DFEE4F /* Resources */ = {
			isa = PBXGroup;
			children = (
				070B8DDB29D87A9D00135BEA /* Info.plist */,
				078B618B29DC522D00BA191C /* GoogleService-Info.plist */,
				070B8DAF29D8455300135BEA /* Assets.xcassets */,
			);
			path = Resources;
			sourceTree = "<group>";
		};
		0747F11B2A001FAA00DFEE4F /* HomeView */ = {
			isa = PBXGroup;
			children = (
				0747F1222A00225B00DFEE4F /* HomeView.swift */,
				072BCE1B2A1DAFD0004B3799 /* Helpter */,
			);
			path = HomeView;
			sourceTree = "<group>";
		};
		0747F1212A00213A00DFEE4F /* Views */ = {
			isa = PBXGroup;
			children = (
				074C68242A065B830039845E /* Helper */,
				0747F11B2A001FAA00DFEE4F /* HomeView */,
				0747F1242A00226100DFEE4F /* DeckSelectionView */,
				078831A62A1F47BC0089B4A1 /* CardSelectionView */,
			);
			path = Views;
			sourceTree = "<group>";
		};
		0747F1242A00226100DFEE4F /* DeckSelectionView */ = {
			isa = PBXGroup;
			children = (
				0747F1252A00227C00DFEE4F /* DeckSelectionView.swift */,
				07A316442A04E88000168768 /* Model */,
				07A3163F2A04CFF300168768 /* Helper */,
			);
			path = DeckSelectionView;
			sourceTree = "<group>";
		};
		074C68242A065B830039845E /* Helper */ = {
			isa = PBXGroup;
			children = (
				074C68252A065B9F0039845E /* NavBarView.swift */,
			);
			path = Helper;
			sourceTree = "<group>";
		};
		078831A62A1F47BC0089B4A1 /* CardSelectionView */ = {
			isa = PBXGroup;
			children = (
				078831A72A1F7FD80089B4A1 /* CardSelectionView.swift */,
				07459D392A1E486600106AC8 /* Model */,
				07459D3E2A1E491D00106AC8 /* Helper */,
			);
			path = CardSelectionView;
			sourceTree = "<group>";
		};
		07A3163F2A04CFF300168768 /* Helper */ = {
			isa = PBXGroup;
			children = (
				07A316402A04D00C00168768 /* DeckView.swift */,
				07A316422A04DD6200168768 /* DeckListView.swift */,
			);
			path = Helper;
			sourceTree = "<group>";
		};
		07A316442A04E88000168768 /* Model */ = {
			isa = PBXGroup;
			children = (
				07A316452A04E88A00168768 /* Deck.swift */,
			);
			path = Model;
			sourceTree = "<group>";
		};
/* End PBXGroup section */

/* Begin PBXNativeTarget section */
		070B8DA729D8455200135BEA /* Picturethat */ = {
			isa = PBXNativeTarget;
			buildConfigurationList = 070B8DB629D8455300135BEA /* Build configuration list for PBXNativeTarget "Picturethat" */;
			buildPhases = (
				070B8DA429D8455200135BEA /* Sources */,
				070B8DA529D8455200135BEA /* Frameworks */,
				070B8DA629D8455200135BEA /* Resources */,
			);
			buildRules = (
			);
			dependencies = (
			);
			name = Picturethat;
			packageProductDependencies = (
				078B619329DC669400BA191C /* FirebaseAnalytics */,
				072BCE192A1C4977004B3799 /* FirebaseFirestore */,
			);
			productName = Picturethat;
			productReference = 070B8DA829D8455200135BEA /* Picturethat.app */;
			productType = "com.apple.product-type.application";
		};
/* End PBXNativeTarget section */

/* Begin PBXProject section */
		070B8DA029D8455200135BEA /* Project object */ = {
			isa = PBXProject;
			attributes = {
				BuildIndependentTargetsInParallel = 1;
				LastSwiftUpdateCheck = 1420;
				LastUpgradeCheck = 1420;
				TargetAttributes = {
					070B8DA729D8455200135BEA = {
						CreatedOnToolsVersion = 14.2;
					};
				};
			};
			buildConfigurationList = 070B8DA329D8455200135BEA /* Build configuration list for PBXProject "PictureThat" */;
			compatibilityVersion = "Xcode 14.0";
			developmentRegion = en;
			hasScannedForEncodings = 0;
			knownRegions = (
				en,
				Base,
			);
			mainGroup = 070B8D9F29D8455200135BEA;
			packageReferences = (
				078B619229DC669400BA191C /* XCRemoteSwiftPackageReference "firebase-ios-sdk" */,
				074EBDFC2A23712E0031C18C /* XCRemoteSwiftPackageReference "url-image" */,
			);
			productRefGroup = 070B8DA929D8455200135BEA /* Products */;
			projectDirPath = "";
			projectRoot = "";
			targets = (
				070B8DA729D8455200135BEA /* Picturethat */,
			);
		};
/* End PBXProject section */

/* Begin PBXResourcesBuildPhase section */
		070B8DA629D8455200135BEA /* Resources */ = {
			isa = PBXResourcesBuildPhase;
			buildActionMask = 2147483647;
			files = (
				070B8DB329D8455300135BEA /* Preview Assets.xcassets in Resources */,
				070B8DB029D8455300135BEA /* Assets.xcassets in Resources */,
				078B618C29DC522D00BA191C /* GoogleService-Info.plist in Resources */,
			);
			runOnlyForDeploymentPostprocessing = 0;
		};
/* End PBXResourcesBuildPhase section */

/* Begin PBXSourcesBuildPhase section */
		070B8DA429D8455200135BEA /* Sources */ = {
			isa = PBXSourcesBuildPhase;
			buildActionMask = 2147483647;
			files = (
				07459D402A1E492700106AC8 /* CardView.swift in Sources */,
				07A316462A04E88A00168768 /* Deck.swift in Sources */,
				078831A42A1F43240089B4A1 /* CardsViewModel.swift in Sources */,
				070B8DC129D8631700135BEA /* Font+.swift in Sources */,
				0747F1232A00225B00DFEE4F /* HomeView.swift in Sources */,
				074EBE042A258DF80031C18C /* SparkleView.swift in Sources */,
				070B8DD829D86E0400135BEA /* Color+.swift in Sources */,
				07459D3D2A1E48E900106AC8 /* Card.swift in Sources */,
				072BCE1D2A1DAFEB004B3799 /* HomeDeckView.swift in Sources */,
				07A316432A04DD6200168768 /* DeckListView.swift in Sources */,
				07A316412A04D00C00168768 /* DeckView.swift in Sources */,
				070B8DAC29D8455200135BEA /* PicturethatApp.swift in Sources */,
				074EBE002A23970D0031C18C /* ImageLoader.swift in Sources */,
				0747F1262A00227C00DFEE4F /* DeckSelectionView.swift in Sources */,
				072BCE172A1C4958004B3799 /* DeckViewModel.swift in Sources */,
				078831A82A1F7FD80089B4A1 /* CardSelectionView.swift in Sources */,
				07459D382A1E480000106AC8 /* CardListView.swift in Sources */,
				074C68262A065B9F0039845E /* NavBarView.swift in Sources */,
			);
			runOnlyForDeploymentPostprocessing = 0;
		};
/* End PBXSourcesBuildPhase section */

/* Begin XCBuildConfiguration section */
		070B8DB429D8455300135BEA /* Debug */ = {
			isa = XCBuildConfiguration;
			buildSettings = {
				ALWAYS_SEARCH_USER_PATHS = NO;
				CLANG_ANALYZER_NONNULL = YES;
				CLANG_ANALYZER_NUMBER_OBJECT_CONVERSION = YES_AGGRESSIVE;
				CLANG_CXX_LANGUAGE_STANDARD = "gnu++20";
				CLANG_ENABLE_MODULES = YES;
				CLANG_ENABLE_OBJC_ARC = YES;
				CLANG_ENABLE_OBJC_WEAK = YES;
				CLANG_WARN_BLOCK_CAPTURE_AUTORELEASING = YES;
				CLANG_WARN_BOOL_CONVERSION = YES;
				CLANG_WARN_COMMA = YES;
				CLANG_WARN_CONSTANT_CONVERSION = YES;
				CLANG_WARN_DEPRECATED_OBJC_IMPLEMENTATIONS = YES;
				CLANG_WARN_DIRECT_OBJC_ISA_USAGE = YES_ERROR;
				CLANG_WARN_DOCUMENTATION_COMMENTS = YES;
				CLANG_WARN_EMPTY_BODY = YES;
				CLANG_WARN_ENUM_CONVERSION = YES;
				CLANG_WARN_INFINITE_RECURSION = YES;
				CLANG_WARN_INT_CONVERSION = YES;
				CLANG_WARN_NON_LITERAL_NULL_CONVERSION = YES;
				CLANG_WARN_OBJC_IMPLICIT_RETAIN_SELF = YES;
				CLANG_WARN_OBJC_LITERAL_CONVERSION = YES;
				CLANG_WARN_OBJC_ROOT_CLASS = YES_ERROR;
				CLANG_WARN_QUOTED_INCLUDE_IN_FRAMEWORK_HEADER = YES;
				CLANG_WARN_RANGE_LOOP_ANALYSIS = YES;
				CLANG_WARN_STRICT_PROTOTYPES = YES;
				CLANG_WARN_SUSPICIOUS_MOVE = YES;
				CLANG_WARN_UNGUARDED_AVAILABILITY = YES_AGGRESSIVE;
				CLANG_WARN_UNREACHABLE_CODE = YES;
				CLANG_WARN__DUPLICATE_METHOD_MATCH = YES;
				COPY_PHASE_STRIP = NO;
				DEBUG_INFORMATION_FORMAT = dwarf;
				ENABLE_STRICT_OBJC_MSGSEND = YES;
				ENABLE_TESTABILITY = YES;
				GCC_C_LANGUAGE_STANDARD = gnu11;
				GCC_DYNAMIC_NO_PIC = NO;
				GCC_NO_COMMON_BLOCKS = YES;
				GCC_OPTIMIZATION_LEVEL = 0;
				GCC_PREPROCESSOR_DEFINITIONS = (
					"DEBUG=1",
					"$(inherited)",
				);
				GCC_WARN_64_TO_32_BIT_CONVERSION = YES;
				GCC_WARN_ABOUT_RETURN_TYPE = YES_ERROR;
				GCC_WARN_UNDECLARED_SELECTOR = YES;
				GCC_WARN_UNINITIALIZED_AUTOS = YES_AGGRESSIVE;
				GCC_WARN_UNUSED_FUNCTION = YES;
				GCC_WARN_UNUSED_VARIABLE = YES;
				IPHONEOS_DEPLOYMENT_TARGET = 16.2;
				MTL_ENABLE_DEBUG_INFO = INCLUDE_SOURCE;
				MTL_FAST_MATH = YES;
				ONLY_ACTIVE_ARCH = YES;
				SDKROOT = iphoneos;
				SWIFT_ACTIVE_COMPILATION_CONDITIONS = DEBUG;
				SWIFT_OPTIMIZATION_LEVEL = "-Onone";
			};
			name = Debug;
		};
		070B8DB529D8455300135BEA /* Release */ = {
			isa = XCBuildConfiguration;
			buildSettings = {
				ALWAYS_SEARCH_USER_PATHS = NO;
				CLANG_ANALYZER_NONNULL = YES;
				CLANG_ANALYZER_NUMBER_OBJECT_CONVERSION = YES_AGGRESSIVE;
				CLANG_CXX_LANGUAGE_STANDARD = "gnu++20";
				CLANG_ENABLE_MODULES = YES;
				CLANG_ENABLE_OBJC_ARC = YES;
				CLANG_ENABLE_OBJC_WEAK = YES;
				CLANG_WARN_BLOCK_CAPTURE_AUTORELEASING = YES;
				CLANG_WARN_BOOL_CONVERSION = YES;
				CLANG_WARN_COMMA = YES;
				CLANG_WARN_CONSTANT_CONVERSION = YES;
				CLANG_WARN_DEPRECATED_OBJC_IMPLEMENTATIONS = YES;
				CLANG_WARN_DIRECT_OBJC_ISA_USAGE = YES_ERROR;
				CLANG_WARN_DOCUMENTATION_COMMENTS = YES;
				CLANG_WARN_EMPTY_BODY = YES;
				CLANG_WARN_ENUM_CONVERSION = YES;
				CLANG_WARN_INFINITE_RECURSION = YES;
				CLANG_WARN_INT_CONVERSION = YES;
				CLANG_WARN_NON_LITERAL_NULL_CONVERSION = YES;
				CLANG_WARN_OBJC_IMPLICIT_RETAIN_SELF = YES;
				CLANG_WARN_OBJC_LITERAL_CONVERSION = YES;
				CLANG_WARN_OBJC_ROOT_CLASS = YES_ERROR;
				CLANG_WARN_QUOTED_INCLUDE_IN_FRAMEWORK_HEADER = YES;
				CLANG_WARN_RANGE_LOOP_ANALYSIS = YES;
				CLANG_WARN_STRICT_PROTOTYPES = YES;
				CLANG_WARN_SUSPICIOUS_MOVE = YES;
				CLANG_WARN_UNGUARDED_AVAILABILITY = YES_AGGRESSIVE;
				CLANG_WARN_UNREACHABLE_CODE = YES;
				CLANG_WARN__DUPLICATE_METHOD_MATCH = YES;
				COPY_PHASE_STRIP = NO;
				DEBUG_INFORMATION_FORMAT = "dwarf-with-dsym";
				ENABLE_NS_ASSERTIONS = NO;
				ENABLE_STRICT_OBJC_MSGSEND = YES;
				GCC_C_LANGUAGE_STANDARD = gnu11;
				GCC_NO_COMMON_BLOCKS = YES;
				GCC_WARN_64_TO_32_BIT_CONVERSION = YES;
				GCC_WARN_ABOUT_RETURN_TYPE = YES_ERROR;
				GCC_WARN_UNDECLARED_SELECTOR = YES;
				GCC_WARN_UNINITIALIZED_AUTOS = YES_AGGRESSIVE;
				GCC_WARN_UNUSED_FUNCTION = YES;
				GCC_WARN_UNUSED_VARIABLE = YES;
				IPHONEOS_DEPLOYMENT_TARGET = 16.2;
				MTL_ENABLE_DEBUG_INFO = NO;
				MTL_FAST_MATH = YES;
				SDKROOT = iphoneos;
				SWIFT_COMPILATION_MODE = wholemodule;
				SWIFT_OPTIMIZATION_LEVEL = "-O";
				VALIDATE_PRODUCT = YES;
			};
			name = Release;
		};
		070B8DB729D8455300135BEA /* Debug */ = {
			isa = XCBuildConfiguration;
			buildSettings = {
				ASSETCATALOG_COMPILER_APPICON_NAME = AppIcon;
				ASSETCATALOG_COMPILER_GLOBAL_ACCENT_COLOR_NAME = AccentColor;
				CODE_SIGN_STYLE = Automatic;
				CURRENT_PROJECT_VERSION = 1;
				DEVELOPMENT_ASSET_PATHS = "\"Picturethat/Preview Content\"";
				DEVELOPMENT_TEAM = PX9ZAGMV5G;
				ENABLE_PREVIEWS = YES;
				GENERATE_INFOPLIST_FILE = YES;
				INFOPLIST_FILE = Picturethat/Resources/Info.plist;
				INFOPLIST_KEY_UIApplicationSceneManifest_Generation = YES;
				INFOPLIST_KEY_UIApplicationSupportsIndirectInputEvents = YES;
				INFOPLIST_KEY_UILaunchScreen_Generation = YES;
				INFOPLIST_KEY_UISupportedInterfaceOrientations_iPad = "UIInterfaceOrientationPortrait UIInterfaceOrientationPortraitUpsideDown UIInterfaceOrientationLandscapeLeft UIInterfaceOrientationLandscapeRight";
				INFOPLIST_KEY_UISupportedInterfaceOrientations_iPhone = "UIInterfaceOrientationPortrait UIInterfaceOrientationLandscapeLeft UIInterfaceOrientationLandscapeRight";
				IPHONEOS_DEPLOYMENT_TARGET = 15.0;
				LD_RUNPATH_SEARCH_PATHS = (
					"$(inherited)",
					"@executable_path/Frameworks",
				);
				MARKETING_VERSION = 1.0;
				PRODUCT_BUNDLE_IDENTIFIER = com.minsop.Picturethat;
				PRODUCT_NAME = "$(TARGET_NAME)";
				SWIFT_EMIT_LOC_STRINGS = YES;
				SWIFT_VERSION = 5.0;
				TARGETED_DEVICE_FAMILY = "1,2";
			};
			name = Debug;
		};
		070B8DB829D8455300135BEA /* Release */ = {
			isa = XCBuildConfiguration;
			buildSettings = {
				ASSETCATALOG_COMPILER_APPICON_NAME = AppIcon;
				ASSETCATALOG_COMPILER_GLOBAL_ACCENT_COLOR_NAME = AccentColor;
				CODE_SIGN_STYLE = Automatic;
				CURRENT_PROJECT_VERSION = 1;
				DEVELOPMENT_ASSET_PATHS = "\"Picturethat/Preview Content\"";
				DEVELOPMENT_TEAM = PX9ZAGMV5G;
				ENABLE_PREVIEWS = YES;
				GENERATE_INFOPLIST_FILE = YES;
				INFOPLIST_FILE = Picturethat/Resources/Info.plist;
				INFOPLIST_KEY_UIApplicationSceneManifest_Generation = YES;
				INFOPLIST_KEY_UIApplicationSupportsIndirectInputEvents = YES;
				INFOPLIST_KEY_UILaunchScreen_Generation = YES;
				INFOPLIST_KEY_UISupportedInterfaceOrientations_iPad = "UIInterfaceOrientationPortrait UIInterfaceOrientationPortraitUpsideDown UIInterfaceOrientationLandscapeLeft UIInterfaceOrientationLandscapeRight";
				INFOPLIST_KEY_UISupportedInterfaceOrientations_iPhone = "UIInterfaceOrientationPortrait UIInterfaceOrientationLandscapeLeft UIInterfaceOrientationLandscapeRight";
				IPHONEOS_DEPLOYMENT_TARGET = 15.0;
				LD_RUNPATH_SEARCH_PATHS = (
					"$(inherited)",
					"@executable_path/Frameworks",
				);
				MARKETING_VERSION = 1.0;
				PRODUCT_BUNDLE_IDENTIFIER = com.minsop.Picturethat;
				PRODUCT_NAME = "$(TARGET_NAME)";
				SWIFT_EMIT_LOC_STRINGS = YES;
				SWIFT_VERSION = 5.0;
				TARGETED_DEVICE_FAMILY = "1,2";
			};
			name = Release;
		};
/* End XCBuildConfiguration section */

/* Begin XCConfigurationList section */
		070B8DA329D8455200135BEA /* Build configuration list for PBXProject "PictureThat" */ = {
			isa = XCConfigurationList;
			buildConfigurations = (
				070B8DB429D8455300135BEA /* Debug */,
				070B8DB529D8455300135BEA /* Release */,
			);
			defaultConfigurationIsVisible = 0;
			defaultConfigurationName = Release;
		};
		070B8DB629D8455300135BEA /* Build configuration list for PBXNativeTarget "Picturethat" */ = {
			isa = XCConfigurationList;
			buildConfigurations = (
				070B8DB729D8455300135BEA /* Debug */,
				070B8DB829D8455300135BEA /* Release */,
			);
			defaultConfigurationIsVisible = 0;
			defaultConfigurationName = Release;
		};
/* End XCConfigurationList section */

/* Begin XCRemoteSwiftPackageReference section */
		074EBDFC2A23712E0031C18C /* XCRemoteSwiftPackageReference "url-image" */ = {
			isa = XCRemoteSwiftPackageReference;
			repositoryURL = "https://github.com/dmytro-anokhin/url-image.git";
			requirement = {
				kind = upToNextMajorVersion;
				minimumVersion = 3.0.0;
			};
		};
		078B619229DC669400BA191C /* XCRemoteSwiftPackageReference "firebase-ios-sdk" */ = {
			isa = XCRemoteSwiftPackageReference;
			repositoryURL = "https://github.com/firebase/firebase-ios-sdk";
			requirement = {
				kind = upToNextMajorVersion;
				minimumVersion = 10.0.0;
			};
		};
/* End XCRemoteSwiftPackageReference section */

/* Begin XCSwiftPackageProductDependency section */
		072BCE192A1C4977004B3799 /* FirebaseFirestore */ = {
			isa = XCSwiftPackageProductDependency;
			package = 078B619229DC669400BA191C /* XCRemoteSwiftPackageReference "firebase-ios-sdk" */;
			productName = FirebaseFirestore;
		};
		078B619329DC669400BA191C /* FirebaseAnalytics */ = {
			isa = XCSwiftPackageProductDependency;
			package = 078B619229DC669400BA191C /* XCRemoteSwiftPackageReference "firebase-ios-sdk" */;
			productName = FirebaseAnalytics;
		};
/* End XCSwiftPackageProductDependency section */
	};
	rootObject = 070B8DA029D8455200135BEA /* Project object */;
}
